
Microsoft Visual Studio Solution File, Format Version 12.00
# Visual Studio 15
VisualStudioVersion = 15.0.28307.168
MinimumVisualStudioVersion = 10.0.40219.1
Project("{DA7A21FA-8162-4350-AD77-A8D1B671F3ED}") = "DataCamp", "DataCamp.rxproj", "{D7D1C23E-7C8D-45F3-BB2C-5CE4DF7B7BB8}"
EndProject
Global
	GlobalSection(SolutionConfigurationPlatforms) = preSolution
		Debug|Any CPU = Debug|Any CPU
		Release|Any CPU = Release|Any CPU
	EndGlobalSection
	GlobalSection(ProjectConfigurationPlatforms) = postSolution
		{D7D1C23E-7C8D-45F3-BB2C-5CE4DF7B7BB8}.Debug|Any CPU.ActiveCfg = Debug|Any CPU
		{D7D1C23E-7C8D-45F3-BB2C-5CE4DF7B7BB8}.Debug|Any CPU.Build.0 = Debug|Any CPU
		{D7D1C23E-7C8D-45F3-BB2C-5CE4DF7B7BB8}.Release|Any CPU.ActiveCfg = Release|Any CPU
		{D7D1C23E-7C8D-45F3-BB2C-5CE4DF7B7BB8}.Release|Any CPU.Build.0 = Release|Any CPU
	EndGlobalSection
	GlobalSection(SolutionProperties) = preSolution
		HideSolutionNode = FALSE
	EndGlobalSection
	GlobalSection(ExtensibilityGlobals) = postSolution
		SolutionGuid = {F2D9EF26-CBC6-46A5-B2EE-546FDA959CD3}
	EndGlobalSection
EndGlobal
